{
  "name": "@philipp122/schema",
  "version": "1.9.0",
  "lockfileVersion": 1,
  "requires": true,
  "dependencies": {
    "@philipp122/totype": {
      "version": "1.0.1",
      "resolved": "https://registry.npmjs.org/@philipp122/totype/-/totype-1.0.1.tgz",
      "integrity": "sha512-46Suhv79YW6qn/Xq0rXa7P1lXMsntxna31sFh8Do0gthpLG1gku+14JMMotZZZyAva5NHa4Bj7gIMalZNK2L3w=="
    },
    "lodash.chunk": {
      "version": "4.2.0",
      "resolved": "https://registry.npmjs.org/lodash.chunk/-/lodash.chunk-4.2.0.tgz",
      "integrity": "sha1-ZuXOH3btJ7QwPYxlEujRIW6BBrw="
    }
  }
}
